DEPENDENCIES
  sentry_example
    path: .
    metadata: true

GRAPH
  apt (2.9.2)
  bluepill (2.4.0)
    rsyslog (>= 0.0.0)
  build-essential (2.2.4)
  chef-sugar (3.1.1)
  database (4.0.9)
    postgresql (>= 1.0.0)
  nginx (2.7.6)
    apt (~> 2.2)
    bluepill (~> 2.3)
    build-essential (~> 2.0)
    ohai (~> 2.0)
    runit (~> 1.2)
    yum-epel (~> 0.3)
  ohai (2.0.4)
  openssl (4.4.0)
    chef-sugar (>= 3.1.1)
  packagecloud (0.1.0)
  poise (2.4.0)
  poise-languages (1.2.0)
    poise (~> 2.3)
  poise-python (1.1.1)
    poise (~> 2.0)
    poise-languages (~> 1.2)
  postgresql (3.4.16)
    apt (>= 1.9.0)
    build-essential (>= 0.0.0)
    openssl (>= 0.0.0)
  rsyslog (2.2.0)
  runit (1.7.4)
    packagecloud (>= 0.0.0)
  sentry_example (0.0.0)
    database (>= 0.0.0)
    nginx (>= 0.0.0)
    poise-python (>= 0.0.0)
    postgresql (>= 0.0.0)
    yum-epel (>= 0.0.0)
  yum (3.8.2)
  yum-epel (0.6.4)
    yum (~> 3.2)
